
Microsoft Visual Studio Solution File, Format Version 12.00
# Visual Studio 15
VisualStudioVersion = 15.0.26403.0
MinimumVisualStudioVersion = 10.0.40219.1
Project("{8BC9CEB8-8B4A-11D0-8D11-00A0C91BC942}") = "streamclient", "lib\streamclient.vcxproj", "{370AB3E4-8510-4D2E-8618-20327B6C77B4}"
EndProject
Project("{8BC9CEB8-8B4A-11D0-8D11-00A0C91BC942}") = "ExampleClient", "src\exampleclient.vcxproj", "{670E5C5D-4BC7-4275-AB32-AB5718695BB1}"
EndProject
Project("{8BC9CEB8-8B4A-11D0-8D11-00A0C91BC942}") = "reconnect", "src\reconnect.vcxproj", "{D8C7EFBC-2BE9-4A45-A5B0-4A6C34E61305}"
EndProject
Project("{8BC9CEB8-8B4A-11D0-8D11-00A0C91BC942}") = "savestream", "src\savestream.vcxproj", "{14C12C2B-D477-475E-AD59-1D5EC14FFE34}"
EndProject
Project("{8BC9CEB8-8B4A-11D0-8D11-00A0C91BC942}") = "lib_json", "jsoncpp\makefiles\msvc2010\lib_json.vcxproj", "{1E6C2C1C-6453-4129-AE3F-0EE8E6599C89}"
EndProject
Project("{8BC9CEB8-8B4A-11D0-8D11-00A0C91BC942}") = "multiclient", "src\multiclient.vcxproj", "{E21271A9-4775-4D7B-A464-8010B7F9CB1D}"
EndProject
Project("{8BC9CEB8-8B4A-11D0-8D11-00A0C91BC942}") = "hbmstream_rawclient", "src\hbmstream_rawclient.vcxproj", "{4EF08195-C701-45B0-85D8-CBFFDE3F021E}"
EndProject
Global
	GlobalSection(SolutionConfigurationPlatforms) = preSolution
		Debug|Win32 = Debug|Win32
		Debug|x64 = Debug|x64
		Release|Win32 = Release|Win32
		Release|x64 = Release|x64
	EndGlobalSection
	GlobalSection(ProjectConfigurationPlatforms) = postSolution
		{370AB3E4-8510-4D2E-8618-20327B6C77B4}.Debug|Win32.ActiveCfg = Debug|Win32
		{370AB3E4-8510-4D2E-8618-20327B6C77B4}.Debug|Win32.Build.0 = Debug|Win32
		{370AB3E4-8510-4D2E-8618-20327B6C77B4}.Debug|x64.ActiveCfg = Debug|x64
		{370AB3E4-8510-4D2E-8618-20327B6C77B4}.Debug|x64.Build.0 = Debug|x64
		{370AB3E4-8510-4D2E-8618-20327B6C77B4}.Release|Win32.ActiveCfg = Release|Win32
		{370AB3E4-8510-4D2E-8618-20327B6C77B4}.Release|Win32.Build.0 = Release|Win32
		{370AB3E4-8510-4D2E-8618-20327B6C77B4}.Release|x64.ActiveCfg = Release|x64
		{370AB3E4-8510-4D2E-8618-20327B6C77B4}.Release|x64.Build.0 = Release|x64
		{670E5C5D-4BC7-4275-AB32-AB5718695BB1}.Debug|Win32.ActiveCfg = Debug|Win32
		{670E5C5D-4BC7-4275-AB32-AB5718695BB1}.Debug|Win32.Build.0 = Debug|Win32
		{670E5C5D-4BC7-4275-AB32-AB5718695BB1}.Debug|x64.ActiveCfg = Debug|x64
		{670E5C5D-4BC7-4275-AB32-AB5718695BB1}.Debug|x64.Build.0 = Debug|x64
		{670E5C5D-4BC7-4275-AB32-AB5718695BB1}.Release|Win32.ActiveCfg = Release|Win32
		{670E5C5D-4BC7-4275-AB32-AB5718695BB1}.Release|Win32.Build.0 = Release|Win32
		{670E5C5D-4BC7-4275-AB32-AB5718695BB1}.Release|x64.ActiveCfg = Release|x64
		{670E5C5D-4BC7-4275-AB32-AB5718695BB1}.Release|x64.Build.0 = Release|x64
		{D8C7EFBC-2BE9-4A45-A5B0-4A6C34E61305}.Debug|Win32.ActiveCfg = Debug|Win32
		{D8C7EFBC-2BE9-4A45-A5B0-4A6C34E61305}.Debug|Win32.Build.0 = Debug|Win32
		{D8C7EFBC-2BE9-4A45-A5B0-4A6C34E61305}.Debug|x64.ActiveCfg = Debug|x64
		{D8C7EFBC-2BE9-4A45-A5B0-4A6C34E61305}.Debug|x64.Build.0 = Debug|x64
		{D8C7EFBC-2BE9-4A45-A5B0-4A6C34E61305}.Release|Win32.ActiveCfg = Release|Win32
		{D8C7EFBC-2BE9-4A45-A5B0-4A6C34E61305}.Release|Win32.Build.0 = Release|Win32
		{D8C7EFBC-2BE9-4A45-A5B0-4A6C34E61305}.Release|x64.ActiveCfg = Release|x64
		{D8C7EFBC-2BE9-4A45-A5B0-4A6C34E61305}.Release|x64.Build.0 = Release|x64
		{14C12C2B-D477-475E-AD59-1D5EC14FFE34}.Debug|Win32.ActiveCfg = Debug|Win32
		{14C12C2B-D477-475E-AD59-1D5EC14FFE34}.Debug|Win32.Build.0 = Debug|Win32
		{14C12C2B-D477-475E-AD59-1D5EC14FFE34}.Debug|x64.ActiveCfg = Debug|Win32
		{14C12C2B-D477-475E-AD59-1D5EC14FFE34}.Release|Win32.ActiveCfg = Release|Win32
		{14C12C2B-D477-475E-AD59-1D5EC14FFE34}.Release|Win32.Build.0 = Release|Win32
		{14C12C2B-D477-475E-AD59-1D5EC14FFE34}.Release|x64.ActiveCfg = Release|Win32
		{1E6C2C1C-6453-4129-AE3F-0EE8E6599C89}.Debug|Win32.ActiveCfg = Debug|Win32
		{1E6C2C1C-6453-4129-AE3F-0EE8E6599C89}.Debug|Win32.Build.0 = Debug|Win32
		{1E6C2C1C-6453-4129-AE3F-0EE8E6599C89}.Debug|x64.ActiveCfg = Debug|x64
		{1E6C2C1C-6453-4129-AE3F-0EE8E6599C89}.Debug|x64.Build.0 = Debug|x64
		{1E6C2C1C-6453-4129-AE3F-0EE8E6599C89}.Release|Win32.ActiveCfg = Release|Win32
		{1E6C2C1C-6453-4129-AE3F-0EE8E6599C89}.Release|Win32.Build.0 = Release|Win32
		{1E6C2C1C-6453-4129-AE3F-0EE8E6599C89}.Release|x64.ActiveCfg = Release|x64
		{1E6C2C1C-6453-4129-AE3F-0EE8E6599C89}.Release|x64.Build.0 = Release|x64
		{E21271A9-4775-4D7B-A464-8010B7F9CB1D}.Debug|Win32.ActiveCfg = Debug|Win32
		{E21271A9-4775-4D7B-A464-8010B7F9CB1D}.Debug|Win32.Build.0 = Debug|Win32
		{E21271A9-4775-4D7B-A464-8010B7F9CB1D}.Debug|x64.ActiveCfg = Debug|Win32
		{E21271A9-4775-4D7B-A464-8010B7F9CB1D}.Release|Win32.ActiveCfg = Release|Win32
		{E21271A9-4775-4D7B-A464-8010B7F9CB1D}.Release|Win32.Build.0 = Release|Win32
		{E21271A9-4775-4D7B-A464-8010B7F9CB1D}.Release|x64.ActiveCfg = Release|Win32
		{4EF08195-C701-45B0-85D8-CBFFDE3F021E}.Debug|Win32.ActiveCfg = Debug|Win32
		{4EF08195-C701-45B0-85D8-CBFFDE3F021E}.Debug|Win32.Build.0 = Debug|Win32
		{4EF08195-C701-45B0-85D8-CBFFDE3F021E}.Debug|x64.ActiveCfg = Debug|x64
		{4EF08195-C701-45B0-85D8-CBFFDE3F021E}.Debug|x64.Build.0 = Debug|x64
		{4EF08195-C701-45B0-85D8-CBFFDE3F021E}.Release|Win32.ActiveCfg = Release|Win32
		{4EF08195-C701-45B0-85D8-CBFFDE3F021E}.Release|Win32.Build.0 = Release|Win32
		{4EF08195-C701-45B0-85D8-CBFFDE3F021E}.Release|x64.ActiveCfg = Release|x64
		{4EF08195-C701-45B0-85D8-CBFFDE3F021E}.Release|x64.Build.0 = Release|x64
	EndGlobalSection
	GlobalSection(SolutionProperties) = preSolution
		HideSolutionNode = FALSE
	EndGlobalSection
EndGlobal
